PODS:
  - CocoaLumberjack (2.2.0):
    - CocoaLumberjack/Default (= 2.2.0)
    - CocoaLumberjack/Extensions (= 2.2.0)
  - CocoaLumberjack/Core (2.2.0)
  - CocoaLumberjack/Default (2.2.0):
    - CocoaLumberjack/Core
  - CocoaLumberjack/Extensions (2.2.0):
    - CocoaLumberjack/Default
  - Nimble (4.0.0)
  - Puree (1.1.0):
    - YapDatabase (~> 2.9)
  - Quick (0.9.2)
  - Reachability (3.2)
  - YapDatabase (2.9):
    - YapDatabase/Standard (= 2.9)
  - YapDatabase/Standard (2.9):
    - YapDatabase/Standard/Core (= 2.9)
    - YapDatabase/Standard/Extensions (= 2.9)
  - YapDatabase/Standard/Core (2.9):
    - CocoaLumberjack (~> 2)
  - YapDatabase/Standard/Extensions (2.9):
    - YapDatabase/Standard/Core
    - YapDatabase/Standard/Extensions/ActionManager (= 2.9)
    - YapDatabase/Standard/Extensions/CloudKit (= 2.9)
    - YapDatabase/Standard/Extensions/ConnectionProxy (= 2.9)
    - YapDatabase/Standard/Extensions/CrossProcessNotification (= 2.9)
    - YapDatabase/Standard/Extensions/FilteredViews (= 2.9)
    - YapDatabase/Standard/Extensions/FullTextSearch (= 2.9)
    - YapDatabase/Standard/Extensions/Hooks (= 2.9)
    - YapDatabase/Standard/Extensions/Relationships (= 2.9)
    - YapDatabase/Standard/Extensions/RTreeIndex (= 2.9)
    - YapDatabase/Standard/Extensions/SearchResults (= 2.9)
    - YapDatabase/Standard/Extensions/SecondaryIndex (= 2.9)
    - YapDatabase/Standard/Extensions/Views (= 2.9)
  - YapDatabase/Standard/Extensions/ActionManager (2.9):
    - Reachability (~> 3)
    - YapDatabase/Standard/Core
    - YapDatabase/Standard/Extensions/Views
  - YapDatabase/Standard/Extensions/CloudKit (2.9):
    - YapDatabase/Standard/Core
  - YapDatabase/Standard/Extensions/ConnectionProxy (2.9):
    - YapDatabase/Standard/Core
  - YapDatabase/Standard/Extensions/CrossProcessNotification (2.9):
    - YapDatabase/Standard/Core
  - YapDatabase/Standard/Extensions/FilteredViews (2.9):
    - YapDatabase/Standard/Core
    - YapDatabase/Standard/Extensions/Views
  - YapDatabase/Standard/Extensions/FullTextSearch (2.9):
    - YapDatabase/Standard/Core
  - YapDatabase/Standard/Extensions/Hooks (2.9):
    - YapDatabase/Standard/Core
  - YapDatabase/Standard/Extensions/Relationships (2.9):
    - YapDatabase/Standard/Core
  - YapDatabase/Standard/Extensions/RTreeIndex (2.9):
    - YapDatabase/Standard/Core
  - YapDatabase/Standard/Extensions/SearchResults (2.9):
    - YapDatabase/Standard/Core
    - YapDatabase/Standard/Extensions/FullTextSearch
    - YapDatabase/Standard/Extensions/Views
  - YapDatabase/Standard/Extensions/SecondaryIndex (2.9):
    - YapDatabase/Standard/Core
  - YapDatabase/Standard/Extensions/Views (2.9):
    - YapDatabase/Standard/Core

DEPENDENCIES:
  - Nimble (~> 4.0.0)
  - Puree (from `../`)
  - Quick (~> 0.9.2)

EXTERNAL SOURCES:
  Puree:
    :path: "../"

SPEC CHECKSUMS:
  CocoaLumberjack: 17fe8581f84914d5d7e6360f7c70022b173c3ae0
  Nimble: 72bcc3e2f02242e6bfaaf8d9412ca7bfe3d8b417
  Puree: 5a739d83e87665e1fc491a008c1291df4affee7b
  Quick: 18d057bc66451eedd5d1c8dc99ba2a5db6e60226
  Reachability: 33e18b67625424e47b6cde6d202dce689ad7af96
  YapDatabase: c00f4197bba2fea17bdbd82c8e8e3f7104b6fa67

COCOAPODS: 0.39.0
