PODS:
  - CocoaLumberjack (1.9.2):
    - CocoaLumberjack/Extensions (= 1.9.2)
  - CocoaLumberjack/Core (1.9.2)
  - CocoaLumberjack/Extensions (1.9.2):
    - CocoaLumberjack/Core
  - Puree (1.1.0):
    - YapDatabase (~> 2.5.4)
  - YapDatabase (2.5.4):
    - YapDatabase/standard (= 2.5.4)
  - YapDatabase/common (2.5.4):
    - CocoaLumberjack (~> 1)
  - YapDatabase/standard (2.5.4):
    - YapDatabase/common

DEPENDENCIES:
  - Puree (from `../`)

EXTERNAL SOURCES:
  Puree:
    :path: "../"

SPEC CHECKSUMS:
  CocoaLumberjack: 628fca2e88ef06f7cf6817309aa405f325d9a6fa
  Puree: f7c83eeaaab5c697c3566d5b38f8c70b7ba47689
  YapDatabase: 52370b36f692e23c41c86e60f3bbf81b1c8ae44a

PODFILE CHECKSUM: ac4495e7212e7848dc39e4702fb4f7622665bd74

COCOAPODS: 1.1.0.rc.2
