// !$*UTF8*$!
{
	archiveVersion = 1;
	classes = {
	};
	objectVersion = 46;
	objects = {

/* Begin PBXBuildFile section */
		5760F1CE1BB7CD26009A143D /* PURLoggerSpec.swift in Sources */ = {isa = PBXBuildFile; fileRef = 5760F1C61BB7CD26009A143D /* PURLoggerSpec.swift */; };
		5760F1CF1BB7CD26009A143D /* PURLogStoreSpec.swift in Sources */ = {isa = PBXBuildFile; fileRef = 5760F1C71BB7CD26009A143D /* PURLogStoreSpec.swift */; };
		5760F1D01BB7CD26009A143D /* PURTestAppendParamFilter.swift in Sources */ = {isa = PBXBuildFile; fileRef = 5760F1C81BB7CD26009A143D /* PURTestAppendParamFilter.swift */; };
		5760F1D11BB7CD26009A143D /* PURTestBufferedOutput.swift in Sources */ = {isa = PBXBuildFile; fileRef = 5760F1C91BB7CD26009A143D /* PURTestBufferedOutput.swift */; };
		5760F1D21BB7CD26009A143D /* PURTestChangeTagFilter.swift in Sources */ = {isa = PBXBuildFile; fileRef = 5760F1CA1BB7CD26009A143D /* PURTestChangeTagFilter.swift */; };
		5760F1D31BB7CD26009A143D /* PURTestFailureOutput.swift in Sources */ = {isa = PBXBuildFile; fileRef = 5760F1CB1BB7CD26009A143D /* PURTestFailureOutput.swift */; };
		5760F1D41BB7CD26009A143D /* PURTestOutput.swift in Sources */ = {isa = PBXBuildFile; fileRef = 5760F1CC1BB7CD26009A143D /* PURTestOutput.swift */; };
		5760F1D51BB7CD26009A143D /* TestLogStorage.swift in Sources */ = {isa = PBXBuildFile; fileRef = 5760F1CD1BB7CD26009A143D /* TestLogStorage.swift */; };
		6B7B79BF85E4C49E48EC4379 /* Pods_PureeTests.framework in Frameworks */ = {isa = PBXBuildFile; fileRef = 1BDE65346E6FE8CC7F154AE7 /* Pods_PureeTests.framework */; };
/* End PBXBuildFile section */

/* Begin PBXFileReference section */
		1BDE65346E6FE8CC7F154AE7 /* Pods_PureeTests.framework */ = {isa = PBXFileReference; explicitFileType = wrapper.framework; includeInIndex = 0; path = Pods_PureeTests.framework; sourceTree = BUILT_PRODUCTS_DIR; };
		243363812D3800F281E77F4F /* Pods-Puree-Test.release.xcconfig */ = {isa = PBXFileReference; includeInIndex = 1; lastKnownFileType = text.xcconfig; name = "Pods-Puree-Test.release.xcconfig"; path = "Pods/Target Support Files/Pods-Puree-Test/Pods-Puree-Test.release.xcconfig"; sourceTree = "<group>"; };
		2D02199567B505DD66CAAACC /* README.md */ = {isa = PBXFileReference; includeInIndex = 1; lastKnownFileType = net.daringfireball.markdown; name = README.md; path = ../README.md; sourceTree = "<group>"; };
		30055AC732FFCEBBF71D40A3 /* Pods-PureeTests.release.xcconfig */ = {isa = PBXFileReference; includeInIndex = 1; lastKnownFileType = text.xcconfig; name = "Pods-PureeTests.release.xcconfig"; path = "Pods/Target Support Files/Pods-PureeTests/Pods-PureeTests.release.xcconfig"; sourceTree = "<group>"; };
		5760F1B91BB7CBFC009A143D /* PureeTests.xctest */ = {isa = PBXFileReference; explicitFileType = wrapper.cfbundle; includeInIndex = 0; path = PureeTests.xctest; sourceTree = BUILT_PRODUCTS_DIR; };
		5760F1BD1BB7CBFD009A143D /* Info.plist */ = {isa = PBXFileReference; lastKnownFileType = text.plist.xml; path = Info.plist; sourceTree = "<group>"; };
		5760F1C11BB7CC7C009A143D /* PureeTests-Bridging-Header.h */ = {isa = PBXFileReference; lastKnownFileType = sourcecode.c.h; path = "PureeTests-Bridging-Header.h"; sourceTree = "<group>"; };
		5760F1C61BB7CD26009A143D /* PURLoggerSpec.swift */ = {isa = PBXFileReference; fileEncoding = 4; lastKnownFileType = sourcecode.swift; path = PURLoggerSpec.swift; sourceTree = "<group>"; };
		5760F1C71BB7CD26009A143D /* PURLogStoreSpec.swift */ = {isa = PBXFileReference; fileEncoding = 4; lastKnownFileType = sourcecode.swift; path = PURLogStoreSpec.swift; sourceTree = "<group>"; };
		5760F1C81BB7CD26009A143D /* PURTestAppendParamFilter.swift */ = {isa = PBXFileReference; fileEncoding = 4; lastKnownFileType = sourcecode.swift; path = PURTestAppendParamFilter.swift; sourceTree = "<group>"; };
		5760F1C91BB7CD26009A143D /* PURTestBufferedOutput.swift */ = {isa = PBXFileReference; fileEncoding = 4; lastKnownFileType = sourcecode.swift; path = PURTestBufferedOutput.swift; sourceTree = "<group>"; };
		5760F1CA1BB7CD26009A143D /* PURTestChangeTagFilter.swift */ = {isa = PBXFileReference; fileEncoding = 4; lastKnownFileType = sourcecode.swift; path = PURTestChangeTagFilter.swift; sourceTree = "<group>"; };
		5760F1CB1BB7CD26009A143D /* PURTestFailureOutput.swift */ = {isa = PBXFileReference; fileEncoding = 4; lastKnownFileType = sourcecode.swift; path = PURTestFailureOutput.swift; sourceTree = "<group>"; };
		5760F1CC1BB7CD26009A143D /* PURTestOutput.swift */ = {isa = PBXFileReference; fileEncoding = 4; lastKnownFileType = sourcecode.swift; path = PURTestOutput.swift; sourceTree = "<group>"; };
		5760F1CD1BB7CD26009A143D /* TestLogStorage.swift */ = {isa = PBXFileReference; fileEncoding = 4; lastKnownFileType = sourcecode.swift; path = TestLogStorage.swift; sourceTree = "<group>"; };
		6003F58D195388D20070C39A /* Foundation.framework */ = {isa = PBXFileReference; lastKnownFileType = wrapper.framework; name = Foundation.framework; path = System/Library/Frameworks/Foundation.framework; sourceTree = SDKROOT; };
		6003F58F195388D20070C39A /* CoreGraphics.framework */ = {isa = PBXFileReference; lastKnownFileType = wrapper.framework; name = CoreGraphics.framework; path = System/Library/Frameworks/CoreGraphics.framework; sourceTree = SDKROOT; };
		6003F591195388D20070C39A /* UIKit.framework */ = {isa = PBXFileReference; lastKnownFileType = wrapper.framework; name = UIKit.framework; path = System/Library/Frameworks/UIKit.framework; sourceTree = SDKROOT; };
		6003F5AF195388D20070C39A /* XCTest.framework */ = {isa = PBXFileReference; lastKnownFileType = wrapper.framework; name = XCTest.framework; path = Library/Frameworks/XCTest.framework; sourceTree = DEVELOPER_DIR; };
		6412CE7C1B65D0BBA34A4332 /* Puree.podspec */ = {isa = PBXFileReference; includeInIndex = 1; lastKnownFileType = text; name = Puree.podspec; path = ../Puree.podspec; sourceTree = "<group>"; };
		7BB0F20C28F74B839297ADBC /* Pods_Puree_Test.framework */ = {isa = PBXFileReference; explicitFileType = wrapper.framework; includeInIndex = 0; path = Pods_Puree_Test.framework; sourceTree = BUILT_PRODUCTS_DIR; };
		7CB2EDB0C8B08D0F16D6CD8B /* Pods_Puree.framework */ = {isa = PBXFileReference; explicitFileType = wrapper.framework; includeInIndex = 0; path = Pods_Puree.framework; sourceTree = BUILT_PRODUCTS_DIR; };
		9652158CF97D51C260EC8CA6 /* Pods-PureeTests.debug.xcconfig */ = {isa = PBXFileReference; includeInIndex = 1; lastKnownFileType = text.xcconfig; name = "Pods-PureeTests.debug.xcconfig"; path = "Pods/Target Support Files/Pods-PureeTests/Pods-PureeTests.debug.xcconfig"; sourceTree = "<group>"; };
		994DB10F6FADA64A4C13F04F /* Pods-Puree-Test.debug.xcconfig */ = {isa = PBXFileReference; includeInIndex = 1; lastKnownFileType = text.xcconfig; name = "Pods-Puree-Test.debug.xcconfig"; path = "Pods/Target Support Files/Pods-Puree-Test/Pods-Puree-Test.debug.xcconfig"; sourceTree = "<group>"; };
		AE45217A8E0548C98BACB3D2 /* Pods-Puree.debug.xcconfig */ = {isa = PBXFileReference; includeInIndex = 1; lastKnownFileType = text.xcconfig; name = "Pods-Puree.debug.xcconfig"; path = "Pods/Target Support Files/Pods-Puree/Pods-Puree.debug.xcconfig"; sourceTree = "<group>"; };
		FA411F08076FCCAC998C2142 /* Pods-Puree.release.xcconfig */ = {isa = PBXFileReference; includeInIndex = 1; lastKnownFileType = text.xcconfig; name = "Pods-Puree.release.xcconfig"; path = "Pods/Target Support Files/Pods-Puree/Pods-Puree.release.xcconfig"; sourceTree = "<group>"; };
/* End PBXFileReference section */

/* Begin PBXFrameworksBuildPhase section */
		5760F1B61BB7CBFC009A143D /* Frameworks */ = {
			isa = PBXFrameworksBuildPhase;
			buildActionMask = 2147483647;
			files = (
				6B7B79BF85E4C49E48EC4379 /* Pods_PureeTests.framework in Frameworks */,
			);
			runOnlyForDeploymentPostprocessing = 0;
		};
/* End PBXFrameworksBuildPhase section */

/* Begin PBXGroup section */
		5760F1BA1BB7CBFD009A143D /* Tests */ = {
			isa = PBXGroup;
			children = (
				5760F1C61BB7CD26009A143D /* PURLoggerSpec.swift */,
				5760F1C71BB7CD26009A143D /* PURLogStoreSpec.swift */,
				5760F1CD1BB7CD26009A143D /* TestLogStorage.swift */,
				5760F1C51BB7CCAD009A143D /* TestPlugins */,
				5760F1BD1BB7CBFD009A143D /* Info.plist */,
				5760F1C11BB7CC7C009A143D /* PureeTests-Bridging-Header.h */,
			);
			path = Tests;
			sourceTree = "<group>";
		};
		5760F1C51BB7CCAD009A143D /* TestPlugins */ = {
			isa = PBXGroup;
			children = (
				5760F1CA1BB7CD26009A143D /* PURTestChangeTagFilter.swift */,
				5760F1C81BB7CD26009A143D /* PURTestAppendParamFilter.swift */,
				5760F1CC1BB7CD26009A143D /* PURTestOutput.swift */,
				5760F1C91BB7CD26009A143D /* PURTestBufferedOutput.swift */,
				5760F1CB1BB7CD26009A143D /* PURTestFailureOutput.swift */,
			);
			name = TestPlugins;
			sourceTree = "<group>";
		};
		6003F581195388D10070C39A = {
			isa = PBXGroup;
			children = (
				60FF7A9C1954A5C5007DD14C /* Podspec Metadata */,
				5760F1BA1BB7CBFD009A143D /* Tests */,
				6003F58C195388D20070C39A /* Frameworks */,
				6003F58B195388D20070C39A /* Products */,
				6765D1CBBCF98B200DCDDD53 /* Pods */,
			);
			sourceTree = "<group>";
		};
		6003F58B195388D20070C39A /* Products */ = {
			isa = PBXGroup;
			children = (
				5760F1B91BB7CBFC009A143D /* PureeTests.xctest */,
			);
			name = Products;
			sourceTree = "<group>";
		};
		6003F58C195388D20070C39A /* Frameworks */ = {
			isa = PBXGroup;
			children = (
				6003F58D195388D20070C39A /* Foundation.framework */,
				6003F58F195388D20070C39A /* CoreGraphics.framework */,
				6003F591195388D20070C39A /* UIKit.framework */,
				6003F5AF195388D20070C39A /* XCTest.framework */,
				7CB2EDB0C8B08D0F16D6CD8B /* Pods_Puree.framework */,
				7BB0F20C28F74B839297ADBC /* Pods_Puree_Test.framework */,
				1BDE65346E6FE8CC7F154AE7 /* Pods_PureeTests.framework */,
			);
			name = Frameworks;
			sourceTree = "<group>";
		};
		60FF7A9C1954A5C5007DD14C /* Podspec Metadata */ = {
			isa = PBXGroup;
			children = (
				6412CE7C1B65D0BBA34A4332 /* Puree.podspec */,
				2D02199567B505DD66CAAACC /* README.md */,
			);
			name = "Podspec Metadata";
			sourceTree = "<group>";
		};
		6765D1CBBCF98B200DCDDD53 /* Pods */ = {
			isa = PBXGroup;
			children = (
				AE45217A8E0548C98BACB3D2 /* Pods-Puree.debug.xcconfig */,
				FA411F08076FCCAC998C2142 /* Pods-Puree.release.xcconfig */,
				994DB10F6FADA64A4C13F04F /* Pods-Puree-Test.debug.xcconfig */,
				243363812D3800F281E77F4F /* Pods-Puree-Test.release.xcconfig */,
				9652158CF97D51C260EC8CA6 /* Pods-PureeTests.debug.xcconfig */,
				30055AC732FFCEBBF71D40A3 /* Pods-PureeTests.release.xcconfig */,
			);
			name = Pods;
			sourceTree = "<group>";
		};
/* End PBXGroup section */

/* Begin PBXNativeTarget section */
		5760F1B81BB7CBFC009A143D /* PureeTests */ = {
			isa = PBXNativeTarget;
			buildConfigurationList = 5760F1BE1BB7CBFD009A143D /* Build configuration list for PBXNativeTarget "PureeTests" */;
			buildPhases = (
				24A6D6E3276AFAB5702D60ED /* Check Pods Manifest.lock */,
				5760F1B51BB7CBFC009A143D /* Sources */,
				5760F1B61BB7CBFC009A143D /* Frameworks */,
				5760F1B71BB7CBFC009A143D /* Resources */,
				F1F24B888742B4154DE2D7F9 /* Embed Pods Frameworks */,
				33D3974410DA3799C9096601 /* Copy Pods Resources */,
			);
			buildRules = (
			);
			dependencies = (
			);
			name = PureeTests;
			productName = PureeTests;
			productReference = 5760F1B91BB7CBFC009A143D /* PureeTests.xctest */;
			productType = "com.apple.product-type.bundle.unit-test";
		};
/* End PBXNativeTarget section */

/* Begin PBXProject section */
		6003F582195388D10070C39A /* Project object */ = {
			isa = PBXProject;
			attributes = {
				CLASSPREFIX = PUR;
				LastSwiftMigration = 0700;
				LastSwiftUpdateCheck = 0700;
				LastUpgradeCheck = 0700;
				ORGANIZATIONNAME = Cookpad;
				TargetAttributes = {
					5760F1B81BB7CBFC009A143D = {
						CreatedOnToolsVersion = 7.0;
					};
				};
			};
			buildConfigurationList = 6003F585195388D10070C39A /* Build configuration list for PBXProject "Puree" */;
			compatibilityVersion = "Xcode 3.2";
			developmentRegion = English;
			hasScannedForEncodings = 0;
			knownRegions = (
				en,
				Base,
			);
			mainGroup = 6003F581195388D10070C39A;
			productRefGroup = 6003F58B195388D20070C39A /* Products */;
			projectDirPath = "";
			projectRoot = "";
			targets = (
				5760F1B81BB7CBFC009A143D /* PureeTests */,
			);
		};
/* End PBXProject section */

/* Begin PBXResourcesBuildPhase section */
		5760F1B71BB7CBFC009A143D /* Resources */ = {
			isa = PBXResourcesBuildPhase;
			buildActionMask = 2147483647;
			files = (
			);
			runOnlyForDeploymentPostprocessing = 0;
		};
/* End PBXResourcesBuildPhase section */

/* Begin PBXShellScriptBuildPhase section */
		24A6D6E3276AFAB5702D60ED /* Check Pods Manifest.lock */ = {
			isa = PBXShellScriptBuildPhase;
			buildActionMask = 2147483647;
			files = (
			);
			inputPaths = (
			);
			name = "Check Pods Manifest.lock";
			outputPaths = (
			);
			runOnlyForDeploymentPostprocessing = 0;
			shellPath = /bin/sh;
			shellScript = "diff \"${PODS_ROOT}/../Podfile.lock\" \"${PODS_ROOT}/Manifest.lock\" > /dev/null\nif [[ $? != 0 ]] ; then\n    cat << EOM\nerror: The sandbox is not in sync with the Podfile.lock. Run 'pod install' or update your CocoaPods installation.\nEOM\n    exit 1\nfi\n";
			showEnvVarsInLog = 0;
		};
		33D3974410DA3799C9096601 /* Copy Pods Resources */ = {
			isa = PBXShellScriptBuildPhase;
			buildActionMask = 2147483647;
			files = (
			);
			inputPaths = (
			);
			name = "Copy Pods Resources";
			outputPaths = (
			);
			runOnlyForDeploymentPostprocessing = 0;
			shellPath = /bin/sh;
			shellScript = "\"${SRCROOT}/Pods/Target Support Files/Pods-PureeTests/Pods-PureeTests-resources.sh\"\n";
			showEnvVarsInLog = 0;
		};
		F1F24B888742B4154DE2D7F9 /* Embed Pods Frameworks */ = {
			isa = PBXShellScriptBuildPhase;
			buildActionMask = 2147483647;
			files = (
			);
			inputPaths = (
			);
			name = "Embed Pods Frameworks";
			outputPaths = (
			);
			runOnlyForDeploymentPostprocessing = 0;
			shellPath = /bin/sh;
			shellScript = "\"${SRCROOT}/Pods/Target Support Files/Pods-PureeTests/Pods-PureeTests-frameworks.sh\"\n";
			showEnvVarsInLog = 0;
		};
/* End PBXShellScriptBuildPhase section */

/* Begin PBXSourcesBuildPhase section */
		5760F1B51BB7CBFC009A143D /* Sources */ = {
			isa = PBXSourcesBuildPhase;
			buildActionMask = 2147483647;
			files = (
				5760F1D21BB7CD26009A143D /* PURTestChangeTagFilter.swift in Sources */,
				5760F1D01BB7CD26009A143D /* PURTestAppendParamFilter.swift in Sources */,
				5760F1D11BB7CD26009A143D /* PURTestBufferedOutput.swift in Sources */,
				5760F1D31BB7CD26009A143D /* PURTestFailureOutput.swift in Sources */,
				5760F1CE1BB7CD26009A143D /* PURLoggerSpec.swift in Sources */,
				5760F1D41BB7CD26009A143D /* PURTestOutput.swift in Sources */,
				5760F1D51BB7CD26009A143D /* TestLogStorage.swift in Sources */,
				5760F1CF1BB7CD26009A143D /* PURLogStoreSpec.swift in Sources */,
			);
			runOnlyForDeploymentPostprocessing = 0;
		};
/* End PBXSourcesBuildPhase section */

/* Begin XCBuildConfiguration section */
		5760F1BF1BB7CBFD009A143D /* Debug */ = {
			isa = XCBuildConfiguration;
			baseConfigurationReference = 9652158CF97D51C260EC8CA6 /* Pods-PureeTests.debug.xcconfig */;
			buildSettings = {
				CLANG_ENABLE_MODULES = YES;
				CLANG_WARN_UNREACHABLE_CODE = YES;
				DEBUG_INFORMATION_FORMAT = dwarf;
				ENABLE_STRICT_OBJC_MSGSEND = YES;
				GCC_NO_COMMON_BLOCKS = YES;
				INFOPLIST_FILE = Tests/Info.plist;
				IPHONEOS_DEPLOYMENT_TARGET = 9.0;
				LD_RUNPATH_SEARCH_PATHS = "$(inherited) @executable_path/Frameworks @loader_path/Frameworks";
				MTL_ENABLE_DEBUG_INFO = YES;
				PRODUCT_BUNDLE_IDENTIFIER = com.cookpad.ios.PureeTests;
				PRODUCT_NAME = "$(TARGET_NAME)";
				SWIFT_OBJC_BRIDGING_HEADER = "Tests/PureeTests-Bridging-Header.h";
				SWIFT_OPTIMIZATION_LEVEL = "-Onone";
			};
			name = Debug;
		};
		5760F1C01BB7CBFD009A143D /* Release */ = {
			isa = XCBuildConfiguration;
			baseConfigurationReference = 30055AC732FFCEBBF71D40A3 /* Pods-PureeTests.release.xcconfig */;
			buildSettings = {
				CLANG_ENABLE_MODULES = YES;
				CLANG_WARN_UNREACHABLE_CODE = YES;
				COPY_PHASE_STRIP = NO;
				DEBUG_INFORMATION_FORMAT = "dwarf-with-dsym";
				ENABLE_STRICT_OBJC_MSGSEND = YES;
				GCC_NO_COMMON_BLOCKS = YES;
				INFOPLIST_FILE = Tests/Info.plist;
				IPHONEOS_DEPLOYMENT_TARGET = 9.0;
				LD_RUNPATH_SEARCH_PATHS = "$(inherited) @executable_path/Frameworks @loader_path/Frameworks";
				MTL_ENABLE_DEBUG_INFO = NO;
				PRODUCT_BUNDLE_IDENTIFIER = com.cookpad.ios.PureeTests;
				PRODUCT_NAME = "$(TARGET_NAME)";
				SWIFT_OBJC_BRIDGING_HEADER = "Tests/PureeTests-Bridging-Header.h";
			};
			name = Release;
		};
		6003F5BD195388D20070C39A /* Debug */ = {
			isa = XCBuildConfiguration;
			buildSettings = {
				ALWAYS_SEARCH_USER_PATHS = NO;
				CLANG_CXX_LANGUAGE_STANDARD = "gnu++0x";
				CLANG_CXX_LIBRARY = "libc++";
				CLANG_ENABLE_MODULES = YES;
				CLANG_ENABLE_OBJC_ARC = YES;
				CLANG_WARN_BOOL_CONVERSION = YES;
				CLANG_WARN_CONSTANT_CONVERSION = YES;
				CLANG_WARN_DIRECT_OBJC_ISA_USAGE = YES_ERROR;
				CLANG_WARN_EMPTY_BODY = YES;
				CLANG_WARN_ENUM_CONVERSION = YES;
				CLANG_WARN_INT_CONVERSION = YES;
				CLANG_WARN_OBJC_ROOT_CLASS = YES_ERROR;
				CLANG_WARN__DUPLICATE_METHOD_MATCH = YES;
				"CODE_SIGN_IDENTITY[sdk=iphoneos*]" = "iPhone Developer";
				COPY_PHASE_STRIP = NO;
				ENABLE_TESTABILITY = YES;
				GCC_C_LANGUAGE_STANDARD = gnu99;
				GCC_DYNAMIC_NO_PIC = NO;
				GCC_OPTIMIZATION_LEVEL = 0;
				GCC_PREPROCESSOR_DEFINITIONS = (
					"DEBUG=1",
					"$(inherited)",
				);
				GCC_SYMBOLS_PRIVATE_EXTERN = NO;
				GCC_WARN_64_TO_32_BIT_CONVERSION = YES;
				GCC_WARN_ABOUT_RETURN_TYPE = YES_ERROR;
				GCC_WARN_UNDECLARED_SELECTOR = YES;
				GCC_WARN_UNINITIALIZED_AUTOS = YES_AGGRESSIVE;
				GCC_WARN_UNUSED_FUNCTION = YES;
				GCC_WARN_UNUSED_VARIABLE = YES;
				IPHONEOS_DEPLOYMENT_TARGET = 8.0;
				ONLY_ACTIVE_ARCH = YES;
				SDKROOT = iphoneos;
				TARGETED_DEVICE_FAMILY = "1,2";
			};
			name = Debug;
		};
		6003F5BE195388D20070C39A /* Release */ = {
			isa = XCBuildConfiguration;
			buildSettings = {
				ALWAYS_SEARCH_USER_PATHS = NO;
				CLANG_CXX_LANGUAGE_STANDARD = "gnu++0x";
				CLANG_CXX_LIBRARY = "libc++";
				CLANG_ENABLE_MODULES = YES;
				CLANG_ENABLE_OBJC_ARC = YES;
				CLANG_WARN_BOOL_CONVERSION = YES;
				CLANG_WARN_CONSTANT_CONVERSION = YES;
				CLANG_WARN_DIRECT_OBJC_ISA_USAGE = YES_ERROR;
				CLANG_WARN_EMPTY_BODY = YES;
				CLANG_WARN_ENUM_CONVERSION = YES;
				CLANG_WARN_INT_CONVERSION = YES;
				CLANG_WARN_OBJC_ROOT_CLASS = YES_ERROR;
				CLANG_WARN__DUPLICATE_METHOD_MATCH = YES;
				"CODE_SIGN_IDENTITY[sdk=iphoneos*]" = "iPhone Developer";
				COPY_PHASE_STRIP = YES;
				ENABLE_NS_ASSERTIONS = NO;
				GCC_C_LANGUAGE_STANDARD = gnu99;
				GCC_WARN_64_TO_32_BIT_CONVERSION = YES;
				GCC_WARN_ABOUT_RETURN_TYPE = YES_ERROR;
				GCC_WARN_UNDECLARED_SELECTOR = YES;
				GCC_WARN_UNINITIALIZED_AUTOS = YES_AGGRESSIVE;
				GCC_WARN_UNUSED_FUNCTION = YES;
				GCC_WARN_UNUSED_VARIABLE = YES;
				IPHONEOS_DEPLOYMENT_TARGET = 8.0;
				SDKROOT = iphoneos;
				TARGETED_DEVICE_FAMILY = "1,2";
				VALIDATE_PRODUCT = YES;
			};
			name = Release;
		};
/* End XCBuildConfiguration section */

/* Begin XCConfigurationList section */
		5760F1BE1BB7CBFD009A143D /* Build configuration list for PBXNativeTarget "PureeTests" */ = {
			isa = XCConfigurationList;
			buildConfigurations = (
				5760F1BF1BB7CBFD009A143D /* Debug */,
				5760F1C01BB7CBFD009A143D /* Release */,
			);
			defaultConfigurationIsVisible = 0;
			defaultConfigurationName = Release;
		};
		6003F585195388D10070C39A /* Build configuration list for PBXProject "Puree" */ = {
			isa = XCConfigurationList;
			buildConfigurations = (
				6003F5BD195388D20070C39A /* Debug */,
				6003F5BE195388D20070C39A /* Release */,
			);
			defaultConfigurationIsVisible = 0;
			defaultConfigurationName = Release;
		};
/* End XCConfigurationList section */
	};
	rootObject = 6003F582195388D10070C39A /* Project object */;
}
