// !$*UTF8*$!
{
	archiveVersion = 1;
	classes = {
	};
	objectVersion = 46;
	objects = {

/* Begin PBXBuildFile section */
		6003F5B1195388D20070C39A /* Foundation.framework in Frameworks */ = {isa = PBXBuildFile; fileRef = 6003F58D195388D20070C39A /* Foundation.framework */; };
		6003F5B2195388D20070C39A /* UIKit.framework in Frameworks */ = {isa = PBXBuildFile; fileRef = 6003F591195388D20070C39A /* UIKit.framework */; };
		6003F5BA195388D20070C39A /* InfoPlist.strings in Resources */ = {isa = PBXBuildFile; fileRef = 6003F5B8195388D20070C39A /* InfoPlist.strings */; };
		7F07EE5C1A38297F003D9944 /* Nimble.framework in Frameworks */ = {isa = PBXBuildFile; fileRef = 7F07EE3C1A38287A003D9944 /* Nimble.framework */; };
		7F07EE5D1A38297F003D9944 /* Quick.framework in Frameworks */ = {isa = PBXBuildFile; fileRef = 7F07EE4B1A382883003D9944 /* Quick.framework */; };
		7F07EE611A382B42003D9944 /* PURTestFailureOutput.swift in Sources */ = {isa = PBXBuildFile; fileRef = 7F07EE601A382B42003D9944 /* PURTestFailureOutput.swift */; };
		7F07EE631A382B9C003D9944 /* PURTestBufferedOutput.swift in Sources */ = {isa = PBXBuildFile; fileRef = 7F07EE621A382B9C003D9944 /* PURTestBufferedOutput.swift */; };
		7F07EE651A382C58003D9944 /* PURTestChangeTagFilter.swift in Sources */ = {isa = PBXBuildFile; fileRef = 7F07EE641A382C58003D9944 /* PURTestChangeTagFilter.swift */; };
		7F07EE671A382C85003D9944 /* PURTestAppendParamFilter.swift in Sources */ = {isa = PBXBuildFile; fileRef = 7F07EE661A382C85003D9944 /* PURTestAppendParamFilter.swift */; };
		7F07EE691A382CBA003D9944 /* TestLogStorage.swift in Sources */ = {isa = PBXBuildFile; fileRef = 7F07EE681A382CBA003D9944 /* TestLogStorage.swift */; };
		7F07EE6B1A382CF7003D9944 /* PURTestOutput.swift in Sources */ = {isa = PBXBuildFile; fileRef = 7F07EE6A1A382CF7003D9944 /* PURTestOutput.swift */; };
		7F99BCEE19E3F08500FE37F2 /* PURLogStoreSpec.swift in Sources */ = {isa = PBXBuildFile; fileRef = 7F99BCED19E3F08500FE37F2 /* PURLogStoreSpec.swift */; };
		7FEA6A2619E68B97000EFE9C /* PURLoggerSpec.swift in Sources */ = {isa = PBXBuildFile; fileRef = 7FEA6A2519E68B97000EFE9C /* PURLoggerSpec.swift */; };
		E2E3A80C4169545C28A3AD7A /* Pods_Puree.framework in Frameworks */ = {isa = PBXBuildFile; fileRef = 7CB2EDB0C8B08D0F16D6CD8B /* Pods_Puree.framework */; settings = {ATTRIBUTES = (Weak, ); }; };
/* End PBXBuildFile section */

/* Begin PBXContainerItemProxy section */
		7F07EE3B1A38287A003D9944 /* PBXContainerItemProxy */ = {
			isa = PBXContainerItemProxy;
			containerPortal = 7F07EE341A38287A003D9944 /* Nimble.xcodeproj */;
			proxyType = 2;
			remoteGlobalIDString = 1F1A74291940169200FFFC47;
			remoteInfo = "Nimble-iOS";
		};
		7F07EE3D1A38287A003D9944 /* PBXContainerItemProxy */ = {
			isa = PBXContainerItemProxy;
			containerPortal = 7F07EE341A38287A003D9944 /* Nimble.xcodeproj */;
			proxyType = 2;
			remoteGlobalIDString = 1F1A74341940169200FFFC47;
			remoteInfo = "Nimble-iOSTests";
		};
		7F07EE3F1A38287A003D9944 /* PBXContainerItemProxy */ = {
			isa = PBXContainerItemProxy;
			containerPortal = 7F07EE341A38287A003D9944 /* Nimble.xcodeproj */;
			proxyType = 2;
			remoteGlobalIDString = 1F925EAD195C0D6300ED456B;
			remoteInfo = "Nimble-OSX";
		};
		7F07EE411A38287A003D9944 /* PBXContainerItemProxy */ = {
			isa = PBXContainerItemProxy;
			containerPortal = 7F07EE341A38287A003D9944 /* Nimble.xcodeproj */;
			proxyType = 2;
			remoteGlobalIDString = 1F925EB7195C0D6300ED456B;
			remoteInfo = "Nimble-OSXTests";
		};
		7F07EE4A1A382883003D9944 /* PBXContainerItemProxy */ = {
			isa = PBXContainerItemProxy;
			containerPortal = 7F07EE431A382883003D9944 /* Quick.xcodeproj */;
			proxyType = 2;
			remoteGlobalIDString = DAEB6B8E1943873100289F44;
			remoteInfo = "Quick-OSX";
		};
		7F07EE4C1A382883003D9944 /* PBXContainerItemProxy */ = {
			isa = PBXContainerItemProxy;
			containerPortal = 7F07EE431A382883003D9944 /* Quick.xcodeproj */;
			proxyType = 2;
			remoteGlobalIDString = DAEB6B991943873100289F44;
			remoteInfo = "Quick-OSXTests";
		};
		7F07EE4E1A382883003D9944 /* PBXContainerItemProxy */ = {
			isa = PBXContainerItemProxy;
			containerPortal = 7F07EE431A382883003D9944 /* Quick.xcodeproj */;
			proxyType = 2;
			remoteGlobalIDString = 5A5D117C19473F2100F6D13D;
			remoteInfo = "Quick-iOS";
		};
		7F07EE501A382883003D9944 /* PBXContainerItemProxy */ = {
			isa = PBXContainerItemProxy;
			containerPortal = 7F07EE431A382883003D9944 /* Quick.xcodeproj */;
			proxyType = 2;
			remoteGlobalIDString = 5A5D118619473F2100F6D13D;
			remoteInfo = "Quick-iOSTests";
		};
/* End PBXContainerItemProxy section */

/* Begin PBXFileReference section */
		2D02199567B505DD66CAAACC /* README.md */ = {isa = PBXFileReference; includeInIndex = 1; lastKnownFileType = net.daringfireball.markdown; name = README.md; path = ../README.md; sourceTree = "<group>"; };
		6003F58D195388D20070C39A /* Foundation.framework */ = {isa = PBXFileReference; lastKnownFileType = wrapper.framework; name = Foundation.framework; path = System/Library/Frameworks/Foundation.framework; sourceTree = SDKROOT; };
		6003F58F195388D20070C39A /* CoreGraphics.framework */ = {isa = PBXFileReference; lastKnownFileType = wrapper.framework; name = CoreGraphics.framework; path = System/Library/Frameworks/CoreGraphics.framework; sourceTree = SDKROOT; };
		6003F591195388D20070C39A /* UIKit.framework */ = {isa = PBXFileReference; lastKnownFileType = wrapper.framework; name = UIKit.framework; path = System/Library/Frameworks/UIKit.framework; sourceTree = SDKROOT; };
		6003F5AE195388D20070C39A /* Puree.xctest */ = {isa = PBXFileReference; explicitFileType = wrapper.cfbundle; includeInIndex = 0; path = Puree.xctest; sourceTree = BUILT_PRODUCTS_DIR; };
		6003F5AF195388D20070C39A /* XCTest.framework */ = {isa = PBXFileReference; lastKnownFileType = wrapper.framework; name = XCTest.framework; path = Library/Frameworks/XCTest.framework; sourceTree = DEVELOPER_DIR; };
		6003F5B7195388D20070C39A /* Tests-Info.plist */ = {isa = PBXFileReference; lastKnownFileType = text.plist.xml; path = "Tests-Info.plist"; sourceTree = "<group>"; };
		6003F5B9195388D20070C39A /* en */ = {isa = PBXFileReference; lastKnownFileType = text.plist.strings; name = en; path = en.lproj/InfoPlist.strings; sourceTree = "<group>"; };
		6412CE7C1B65D0BBA34A4332 /* Puree.podspec */ = {isa = PBXFileReference; includeInIndex = 1; lastKnownFileType = text; name = Puree.podspec; path = ../Puree.podspec; sourceTree = "<group>"; };
		7CB2EDB0C8B08D0F16D6CD8B /* Pods_Puree.framework */ = {isa = PBXFileReference; explicitFileType = wrapper.framework; includeInIndex = 0; path = Pods_Puree.framework; sourceTree = BUILT_PRODUCTS_DIR; };
		7F07EE341A38287A003D9944 /* Nimble.xcodeproj */ = {isa = PBXFileReference; lastKnownFileType = "wrapper.pb-project"; name = Nimble.xcodeproj; path = Vendor/Nimble/Nimble.xcodeproj; sourceTree = SOURCE_ROOT; };
		7F07EE431A382883003D9944 /* Quick.xcodeproj */ = {isa = PBXFileReference; lastKnownFileType = "wrapper.pb-project"; name = Quick.xcodeproj; path = Vendor/Quick/Quick.xcodeproj; sourceTree = SOURCE_ROOT; };
		7F07EE601A382B42003D9944 /* PURTestFailureOutput.swift */ = {isa = PBXFileReference; fileEncoding = 4; lastKnownFileType = sourcecode.swift; path = PURTestFailureOutput.swift; sourceTree = "<group>"; };
		7F07EE621A382B9C003D9944 /* PURTestBufferedOutput.swift */ = {isa = PBXFileReference; fileEncoding = 4; lastKnownFileType = sourcecode.swift; path = PURTestBufferedOutput.swift; sourceTree = "<group>"; };
		7F07EE641A382C58003D9944 /* PURTestChangeTagFilter.swift */ = {isa = PBXFileReference; fileEncoding = 4; lastKnownFileType = sourcecode.swift; path = PURTestChangeTagFilter.swift; sourceTree = "<group>"; };
		7F07EE661A382C85003D9944 /* PURTestAppendParamFilter.swift */ = {isa = PBXFileReference; fileEncoding = 4; lastKnownFileType = sourcecode.swift; path = PURTestAppendParamFilter.swift; sourceTree = "<group>"; };
		7F07EE681A382CBA003D9944 /* TestLogStorage.swift */ = {isa = PBXFileReference; fileEncoding = 4; lastKnownFileType = sourcecode.swift; path = TestLogStorage.swift; sourceTree = "<group>"; };
		7F07EE6A1A382CF7003D9944 /* PURTestOutput.swift */ = {isa = PBXFileReference; fileEncoding = 4; lastKnownFileType = sourcecode.swift; path = PURTestOutput.swift; sourceTree = "<group>"; };
		7F6E6EE619E3BC5F00BB41EB /* Puree-Bridging-Header.h */ = {isa = PBXFileReference; lastKnownFileType = sourcecode.c.h; path = "Puree-Bridging-Header.h"; sourceTree = "<group>"; };
		7F99BCED19E3F08500FE37F2 /* PURLogStoreSpec.swift */ = {isa = PBXFileReference; fileEncoding = 4; lastKnownFileType = sourcecode.swift; path = PURLogStoreSpec.swift; sourceTree = "<group>"; };
		7FEA6A2519E68B97000EFE9C /* PURLoggerSpec.swift */ = {isa = PBXFileReference; fileEncoding = 4; lastKnownFileType = sourcecode.swift; path = PURLoggerSpec.swift; sourceTree = "<group>"; };
		AE45217A8E0548C98BACB3D2 /* Pods-Puree.debug.xcconfig */ = {isa = PBXFileReference; includeInIndex = 1; lastKnownFileType = text.xcconfig; name = "Pods-Puree.debug.xcconfig"; path = "Pods/Target Support Files/Pods-Puree/Pods-Puree.debug.xcconfig"; sourceTree = "<group>"; };
		FA411F08076FCCAC998C2142 /* Pods-Puree.release.xcconfig */ = {isa = PBXFileReference; includeInIndex = 1; lastKnownFileType = text.xcconfig; name = "Pods-Puree.release.xcconfig"; path = "Pods/Target Support Files/Pods-Puree/Pods-Puree.release.xcconfig"; sourceTree = "<group>"; };
/* End PBXFileReference section */

/* Begin PBXFrameworksBuildPhase section */
		6003F5AB195388D20070C39A /* Frameworks */ = {
			isa = PBXFrameworksBuildPhase;
			buildActionMask = 2147483647;
			files = (
				7F07EE5C1A38297F003D9944 /* Nimble.framework in Frameworks */,
				7F07EE5D1A38297F003D9944 /* Quick.framework in Frameworks */,
				6003F5B2195388D20070C39A /* UIKit.framework in Frameworks */,
				6003F5B1195388D20070C39A /* Foundation.framework in Frameworks */,
				E2E3A80C4169545C28A3AD7A /* Pods_Puree.framework in Frameworks */,
			);
			runOnlyForDeploymentPostprocessing = 0;
		};
/* End PBXFrameworksBuildPhase section */

/* Begin PBXGroup section */
		6003F581195388D10070C39A = {
			isa = PBXGroup;
			children = (
				60FF7A9C1954A5C5007DD14C /* Podspec Metadata */,
				6003F5B5195388D20070C39A /* Tests */,
				6003F58C195388D20070C39A /* Frameworks */,
				6003F58B195388D20070C39A /* Products */,
				6765D1CBBCF98B200DCDDD53 /* Pods */,
			);
			sourceTree = "<group>";
		};
		6003F58B195388D20070C39A /* Products */ = {
			isa = PBXGroup;
			children = (
				6003F5AE195388D20070C39A /* Puree.xctest */,
			);
			name = Products;
			sourceTree = "<group>";
		};
		6003F58C195388D20070C39A /* Frameworks */ = {
			isa = PBXGroup;
			children = (
				6003F58D195388D20070C39A /* Foundation.framework */,
				6003F58F195388D20070C39A /* CoreGraphics.framework */,
				6003F591195388D20070C39A /* UIKit.framework */,
				6003F5AF195388D20070C39A /* XCTest.framework */,
				7CB2EDB0C8B08D0F16D6CD8B /* Pods_Puree.framework */,
			);
			name = Frameworks;
			sourceTree = "<group>";
		};
		6003F5B5195388D20070C39A /* Tests */ = {
			isa = PBXGroup;
			children = (
				7F07EE431A382883003D9944 /* Quick.xcodeproj */,
				7F07EE341A38287A003D9944 /* Nimble.xcodeproj */,
				6003F5B6195388D20070C39A /* Supporting Files */,
				7F6E6EE619E3BC5F00BB41EB /* Puree-Bridging-Header.h */,
				7F99BCED19E3F08500FE37F2 /* PURLogStoreSpec.swift */,
				7FEA6A2519E68B97000EFE9C /* PURLoggerSpec.swift */,
				7F07EE681A382CBA003D9944 /* TestLogStorage.swift */,
				7F07EE5F1A382A3A003D9944 /* TestPlugins */,
			);
			path = Tests;
			sourceTree = "<group>";
		};
		6003F5B6195388D20070C39A /* Supporting Files */ = {
			isa = PBXGroup;
			children = (
				6003F5B7195388D20070C39A /* Tests-Info.plist */,
				6003F5B8195388D20070C39A /* InfoPlist.strings */,
			);
			name = "Supporting Files";
			sourceTree = "<group>";
		};
		60FF7A9C1954A5C5007DD14C /* Podspec Metadata */ = {
			isa = PBXGroup;
			children = (
				6412CE7C1B65D0BBA34A4332 /* Puree.podspec */,
				2D02199567B505DD66CAAACC /* README.md */,
			);
			name = "Podspec Metadata";
			sourceTree = "<group>";
		};
		6765D1CBBCF98B200DCDDD53 /* Pods */ = {
			isa = PBXGroup;
			children = (
				AE45217A8E0548C98BACB3D2 /* Pods-Puree.debug.xcconfig */,
				FA411F08076FCCAC998C2142 /* Pods-Puree.release.xcconfig */,
			);
			name = Pods;
			sourceTree = "<group>";
		};
		7F07EE351A38287A003D9944 /* Products */ = {
			isa = PBXGroup;
			children = (
				7F07EE3C1A38287A003D9944 /* Nimble.framework */,
				7F07EE3E1A38287A003D9944 /* NimbleTests.xctest */,
				7F07EE401A38287A003D9944 /* Nimble.framework */,
				7F07EE421A38287A003D9944 /* NimbleTests.xctest */,
			);
			name = Products;
			sourceTree = "<group>";
		};
		7F07EE441A382883003D9944 /* Products */ = {
			isa = PBXGroup;
			children = (
				7F07EE4B1A382883003D9944 /* Quick.framework */,
				7F07EE4D1A382883003D9944 /* Quick-OSXTests.xctest */,
				7F07EE4F1A382883003D9944 /* Quick.framework */,
				7F07EE511A382883003D9944 /* Quick-iOSTests.xctest */,
			);
			name = Products;
			sourceTree = "<group>";
		};
		7F07EE5F1A382A3A003D9944 /* TestPlugins */ = {
			isa = PBXGroup;
			children = (
				7F07EE641A382C58003D9944 /* PURTestChangeTagFilter.swift */,
				7F07EE661A382C85003D9944 /* PURTestAppendParamFilter.swift */,
				7F07EE6A1A382CF7003D9944 /* PURTestOutput.swift */,
				7F07EE621A382B9C003D9944 /* PURTestBufferedOutput.swift */,
				7F07EE601A382B42003D9944 /* PURTestFailureOutput.swift */,
			);
			name = TestPlugins;
			sourceTree = "<group>";
		};
/* End PBXGroup section */

/* Begin PBXNativeTarget section */
		6003F5AD195388D20070C39A /* Puree */ = {
			isa = PBXNativeTarget;
			buildConfigurationList = 6003F5C2195388D20070C39A /* Build configuration list for PBXNativeTarget "Puree" */;
			buildPhases = (
				A141C2D59F7F4CD787132431 /* Check Pods Manifest.lock */,
				6003F5AA195388D20070C39A /* Sources */,
				6003F5AB195388D20070C39A /* Frameworks */,
				6003F5AC195388D20070C39A /* Resources */,
				2F17DB2073DD44A5180745B8 /* Copy Pods Resources */,
				65EA4D5AEF8570342231F013 /* Embed Pods Frameworks */,
			);
			buildRules = (
			);
			dependencies = (
			);
			name = Puree;
			productName = PureeTests;
			productReference = 6003F5AE195388D20070C39A /* Puree.xctest */;
			productType = "com.apple.product-type.bundle.unit-test";
		};
/* End PBXNativeTarget section */

/* Begin PBXProject section */
		6003F582195388D10070C39A /* Project object */ = {
			isa = PBXProject;
			attributes = {
				CLASSPREFIX = PUR;
				LastSwiftMigration = 0700;
				LastSwiftUpdateCheck = 0700;
				LastUpgradeCheck = 0510;
				ORGANIZATIONNAME = "Tomohiro Moro";
				TargetAttributes = {
					6003F5AD195388D20070C39A = {
						TestTargetID = 6003F589195388D20070C39A;
					};
				};
			};
			buildConfigurationList = 6003F585195388D10070C39A /* Build configuration list for PBXProject "Puree" */;
			compatibilityVersion = "Xcode 3.2";
			developmentRegion = English;
			hasScannedForEncodings = 0;
			knownRegions = (
				en,
				Base,
			);
			mainGroup = 6003F581195388D10070C39A;
			productRefGroup = 6003F58B195388D20070C39A /* Products */;
			projectDirPath = "";
			projectReferences = (
				{
					ProductGroup = 7F07EE351A38287A003D9944 /* Products */;
					ProjectRef = 7F07EE341A38287A003D9944 /* Nimble.xcodeproj */;
				},
				{
					ProductGroup = 7F07EE441A382883003D9944 /* Products */;
					ProjectRef = 7F07EE431A382883003D9944 /* Quick.xcodeproj */;
				},
			);
			projectRoot = "";
			targets = (
				6003F5AD195388D20070C39A /* Puree */,
			);
		};
/* End PBXProject section */

/* Begin PBXReferenceProxy section */
		7F07EE3C1A38287A003D9944 /* Nimble.framework */ = {
			isa = PBXReferenceProxy;
			fileType = wrapper.framework;
			path = Nimble.framework;
			remoteRef = 7F07EE3B1A38287A003D9944 /* PBXContainerItemProxy */;
			sourceTree = BUILT_PRODUCTS_DIR;
		};
		7F07EE3E1A38287A003D9944 /* NimbleTests.xctest */ = {
			isa = PBXReferenceProxy;
			fileType = wrapper.cfbundle;
			path = NimbleTests.xctest;
			remoteRef = 7F07EE3D1A38287A003D9944 /* PBXContainerItemProxy */;
			sourceTree = BUILT_PRODUCTS_DIR;
		};
		7F07EE401A38287A003D9944 /* Nimble.framework */ = {
			isa = PBXReferenceProxy;
			fileType = wrapper.framework;
			path = Nimble.framework;
			remoteRef = 7F07EE3F1A38287A003D9944 /* PBXContainerItemProxy */;
			sourceTree = BUILT_PRODUCTS_DIR;
		};
		7F07EE421A38287A003D9944 /* NimbleTests.xctest */ = {
			isa = PBXReferenceProxy;
			fileType = wrapper.cfbundle;
			path = NimbleTests.xctest;
			remoteRef = 7F07EE411A38287A003D9944 /* PBXContainerItemProxy */;
			sourceTree = BUILT_PRODUCTS_DIR;
		};
		7F07EE4B1A382883003D9944 /* Quick.framework */ = {
			isa = PBXReferenceProxy;
			fileType = wrapper.framework;
			path = Quick.framework;
			remoteRef = 7F07EE4A1A382883003D9944 /* PBXContainerItemProxy */;
			sourceTree = BUILT_PRODUCTS_DIR;
		};
		7F07EE4D1A382883003D9944 /* Quick-OSXTests.xctest */ = {
			isa = PBXReferenceProxy;
			fileType = wrapper.cfbundle;
			path = "Quick-OSXTests.xctest";
			remoteRef = 7F07EE4C1A382883003D9944 /* PBXContainerItemProxy */;
			sourceTree = BUILT_PRODUCTS_DIR;
		};
		7F07EE4F1A382883003D9944 /* Quick.framework */ = {
			isa = PBXReferenceProxy;
			fileType = wrapper.framework;
			path = Quick.framework;
			remoteRef = 7F07EE4E1A382883003D9944 /* PBXContainerItemProxy */;
			sourceTree = BUILT_PRODUCTS_DIR;
		};
		7F07EE511A382883003D9944 /* Quick-iOSTests.xctest */ = {
			isa = PBXReferenceProxy;
			fileType = wrapper.cfbundle;
			path = "Quick-iOSTests.xctest";
			remoteRef = 7F07EE501A382883003D9944 /* PBXContainerItemProxy */;
			sourceTree = BUILT_PRODUCTS_DIR;
		};
/* End PBXReferenceProxy section */

/* Begin PBXResourcesBuildPhase section */
		6003F5AC195388D20070C39A /* Resources */ = {
			isa = PBXResourcesBuildPhase;
			buildActionMask = 2147483647;
			files = (
				6003F5BA195388D20070C39A /* InfoPlist.strings in Resources */,
			);
			runOnlyForDeploymentPostprocessing = 0;
		};
/* End PBXResourcesBuildPhase section */

/* Begin PBXShellScriptBuildPhase section */
		2F17DB2073DD44A5180745B8 /* Copy Pods Resources */ = {
			isa = PBXShellScriptBuildPhase;
			buildActionMask = 2147483647;
			files = (
			);
			inputPaths = (
			);
			name = "Copy Pods Resources";
			outputPaths = (
			);
			runOnlyForDeploymentPostprocessing = 0;
			shellPath = /bin/sh;
			shellScript = "\"${SRCROOT}/Pods/Target Support Files/Pods-Puree/Pods-Puree-resources.sh\"\n";
			showEnvVarsInLog = 0;
		};
		65EA4D5AEF8570342231F013 /* Embed Pods Frameworks */ = {
			isa = PBXShellScriptBuildPhase;
			buildActionMask = 2147483647;
			files = (
			);
			inputPaths = (
			);
			name = "Embed Pods Frameworks";
			outputPaths = (
			);
			runOnlyForDeploymentPostprocessing = 0;
			shellPath = /bin/sh;
			shellScript = "\"${SRCROOT}/Pods/Target Support Files/Pods-Puree/Pods-Puree-frameworks.sh\"\n";
			showEnvVarsInLog = 0;
		};
		A141C2D59F7F4CD787132431 /* Check Pods Manifest.lock */ = {
			isa = PBXShellScriptBuildPhase;
			buildActionMask = 2147483647;
			files = (
			);
			inputPaths = (
			);
			name = "Check Pods Manifest.lock";
			outputPaths = (
			);
			runOnlyForDeploymentPostprocessing = 0;
			shellPath = /bin/sh;
			shellScript = "diff \"${PODS_ROOT}/../Podfile.lock\" \"${PODS_ROOT}/Manifest.lock\" > /dev/null\nif [[ $? != 0 ]] ; then\n    cat << EOM\nerror: The sandbox is not in sync with the Podfile.lock. Run 'pod install' or update your CocoaPods installation.\nEOM\n    exit 1\nfi\n";
			showEnvVarsInLog = 0;
		};
/* End PBXShellScriptBuildPhase section */

/* Begin PBXSourcesBuildPhase section */
		6003F5AA195388D20070C39A /* Sources */ = {
			isa = PBXSourcesBuildPhase;
			buildActionMask = 2147483647;
			files = (
				7F07EE651A382C58003D9944 /* PURTestChangeTagFilter.swift in Sources */,
				7FEA6A2619E68B97000EFE9C /* PURLoggerSpec.swift in Sources */,
				7F07EE631A382B9C003D9944 /* PURTestBufferedOutput.swift in Sources */,
				7F07EE671A382C85003D9944 /* PURTestAppendParamFilter.swift in Sources */,
				7F99BCEE19E3F08500FE37F2 /* PURLogStoreSpec.swift in Sources */,
				7F07EE611A382B42003D9944 /* PURTestFailureOutput.swift in Sources */,
				7F07EE6B1A382CF7003D9944 /* PURTestOutput.swift in Sources */,
				7F07EE691A382CBA003D9944 /* TestLogStorage.swift in Sources */,
			);
			runOnlyForDeploymentPostprocessing = 0;
		};
/* End PBXSourcesBuildPhase section */

/* Begin PBXVariantGroup section */
		6003F5B8195388D20070C39A /* InfoPlist.strings */ = {
			isa = PBXVariantGroup;
			children = (
				6003F5B9195388D20070C39A /* en */,
			);
			name = InfoPlist.strings;
			sourceTree = "<group>";
		};
/* End PBXVariantGroup section */

/* Begin XCBuildConfiguration section */
		6003F5BD195388D20070C39A /* Debug */ = {
			isa = XCBuildConfiguration;
			buildSettings = {
				ALWAYS_SEARCH_USER_PATHS = NO;
				CLANG_CXX_LANGUAGE_STANDARD = "gnu++0x";
				CLANG_CXX_LIBRARY = "libc++";
				CLANG_ENABLE_MODULES = YES;
				CLANG_ENABLE_OBJC_ARC = YES;
				CLANG_WARN_BOOL_CONVERSION = YES;
				CLANG_WARN_CONSTANT_CONVERSION = YES;
				CLANG_WARN_DIRECT_OBJC_ISA_USAGE = YES_ERROR;
				CLANG_WARN_EMPTY_BODY = YES;
				CLANG_WARN_ENUM_CONVERSION = YES;
				CLANG_WARN_INT_CONVERSION = YES;
				CLANG_WARN_OBJC_ROOT_CLASS = YES_ERROR;
				CLANG_WARN__DUPLICATE_METHOD_MATCH = YES;
				"CODE_SIGN_IDENTITY[sdk=iphoneos*]" = "iPhone Developer";
				COPY_PHASE_STRIP = NO;
				GCC_C_LANGUAGE_STANDARD = gnu99;
				GCC_DYNAMIC_NO_PIC = NO;
				GCC_OPTIMIZATION_LEVEL = 0;
				GCC_PREPROCESSOR_DEFINITIONS = (
					"DEBUG=1",
					"$(inherited)",
				);
				GCC_SYMBOLS_PRIVATE_EXTERN = NO;
				GCC_WARN_64_TO_32_BIT_CONVERSION = YES;
				GCC_WARN_ABOUT_RETURN_TYPE = YES_ERROR;
				GCC_WARN_UNDECLARED_SELECTOR = YES;
				GCC_WARN_UNINITIALIZED_AUTOS = YES_AGGRESSIVE;
				GCC_WARN_UNUSED_FUNCTION = YES;
				GCC_WARN_UNUSED_VARIABLE = YES;
				IPHONEOS_DEPLOYMENT_TARGET = 8.0;
				ONLY_ACTIVE_ARCH = YES;
				SDKROOT = iphoneos;
				TARGETED_DEVICE_FAMILY = "1,2";
			};
			name = Debug;
		};
		6003F5BE195388D20070C39A /* Release */ = {
			isa = XCBuildConfiguration;
			buildSettings = {
				ALWAYS_SEARCH_USER_PATHS = NO;
				CLANG_CXX_LANGUAGE_STANDARD = "gnu++0x";
				CLANG_CXX_LIBRARY = "libc++";
				CLANG_ENABLE_MODULES = YES;
				CLANG_ENABLE_OBJC_ARC = YES;
				CLANG_WARN_BOOL_CONVERSION = YES;
				CLANG_WARN_CONSTANT_CONVERSION = YES;
				CLANG_WARN_DIRECT_OBJC_ISA_USAGE = YES_ERROR;
				CLANG_WARN_EMPTY_BODY = YES;
				CLANG_WARN_ENUM_CONVERSION = YES;
				CLANG_WARN_INT_CONVERSION = YES;
				CLANG_WARN_OBJC_ROOT_CLASS = YES_ERROR;
				CLANG_WARN__DUPLICATE_METHOD_MATCH = YES;
				"CODE_SIGN_IDENTITY[sdk=iphoneos*]" = "iPhone Developer";
				COPY_PHASE_STRIP = YES;
				ENABLE_NS_ASSERTIONS = NO;
				GCC_C_LANGUAGE_STANDARD = gnu99;
				GCC_WARN_64_TO_32_BIT_CONVERSION = YES;
				GCC_WARN_ABOUT_RETURN_TYPE = YES_ERROR;
				GCC_WARN_UNDECLARED_SELECTOR = YES;
				GCC_WARN_UNINITIALIZED_AUTOS = YES_AGGRESSIVE;
				GCC_WARN_UNUSED_FUNCTION = YES;
				GCC_WARN_UNUSED_VARIABLE = YES;
				IPHONEOS_DEPLOYMENT_TARGET = 8.0;
				SDKROOT = iphoneos;
				TARGETED_DEVICE_FAMILY = "1,2";
				VALIDATE_PRODUCT = YES;
			};
			name = Release;
		};
		6003F5C3195388D20070C39A /* Debug */ = {
			isa = XCBuildConfiguration;
			baseConfigurationReference = AE45217A8E0548C98BACB3D2 /* Pods-Puree.debug.xcconfig */;
			buildSettings = {
				CLANG_ENABLE_MODULES = YES;
				FRAMEWORK_SEARCH_PATHS = (
					"$(SDKROOT)/Developer/Library/Frameworks",
					"$(inherited)",
					"$(DEVELOPER_FRAMEWORKS_DIR)",
				);
				GCC_PRECOMPILE_PREFIX_HEADER = YES;
				GCC_PREFIX_HEADER = "Tests/Tests-Prefix.pch";
				GCC_PREPROCESSOR_DEFINITIONS = (
					"DEBUG=1",
					"$(inherited)",
				);
				INFOPLIST_FILE = "Tests/Tests-Info.plist";
				LD_RUNPATH_SEARCH_PATHS = "$(inherited) @executable_path/Frameworks @loader_path/Frameworks";
				PRODUCT_NAME = Puree;
				SWIFT_OBJC_BRIDGING_HEADER = "Tests/Puree-Bridging-Header.h";
				SWIFT_OPTIMIZATION_LEVEL = "-Onone";
				TEST_HOST = "$(BUNDLE_LOADER)";
				WRAPPER_EXTENSION = xctest;
			};
			name = Debug;
		};
		6003F5C4195388D20070C39A /* Release */ = {
			isa = XCBuildConfiguration;
			baseConfigurationReference = FA411F08076FCCAC998C2142 /* Pods-Puree.release.xcconfig */;
			buildSettings = {
				CLANG_ENABLE_MODULES = YES;
				FRAMEWORK_SEARCH_PATHS = (
					"$(SDKROOT)/Developer/Library/Frameworks",
					"$(inherited)",
					"$(DEVELOPER_FRAMEWORKS_DIR)",
				);
				GCC_PRECOMPILE_PREFIX_HEADER = YES;
				GCC_PREFIX_HEADER = "Tests/Tests-Prefix.pch";
				INFOPLIST_FILE = "Tests/Tests-Info.plist";
				LD_RUNPATH_SEARCH_PATHS = "$(inherited) @executable_path/Frameworks @loader_path/Frameworks";
				PRODUCT_NAME = Puree;
				SWIFT_OBJC_BRIDGING_HEADER = "Tests/Puree-Bridging-Header.h";
				TEST_HOST = "$(BUNDLE_LOADER)";
				WRAPPER_EXTENSION = xctest;
			};
			name = Release;
		};
/* End XCBuildConfiguration section */

/* Begin XCConfigurationList section */
		6003F585195388D10070C39A /* Build configuration list for PBXProject "Puree" */ = {
			isa = XCConfigurationList;
			buildConfigurations = (
				6003F5BD195388D20070C39A /* Debug */,
				6003F5BE195388D20070C39A /* Release */,
			);
			defaultConfigurationIsVisible = 0;
			defaultConfigurationName = Release;
		};
		6003F5C2195388D20070C39A /* Build configuration list for PBXNativeTarget "Puree" */ = {
			isa = XCConfigurationList;
			buildConfigurations = (
				6003F5C3195388D20070C39A /* Debug */,
				6003F5C4195388D20070C39A /* Release */,
			);
			defaultConfigurationIsVisible = 0;
			defaultConfigurationName = Release;
		};
/* End XCConfigurationList section */
	};
	rootObject = 6003F582195388D10070C39A /* Project object */;
}
